
Microsoft Visual Studio Solution File, Format Version 11.00
# Visual Basic Express 2010
Project("{F184B08F-C81C-45F6-A57F-5ABD9991F28F}") = "radius", "radius\radius.vbproj", "{B7DAD2B6-686D-4C2D-B7D2-8C0D692E5A9B}"
EndProject
Global
	GlobalSection(SolutionConfigurationPlatforms) = preSolution
		Debug|x86 = Debug|x86
		Release|x86 = Release|x86
	EndGlobalSection
	GlobalSection(ProjectConfigurationPlatforms) = postSolution
		{B7DAD2B6-686D-4C2D-B7D2-8C0D692E5A9B}.Debug|x86.ActiveCfg = Debug|x86
		{B7DAD2B6-686D-4C2D-B7D2-8C0D692E5A9B}.Debug|x86.Build.0 = Debug|x86
		{B7DAD2B6-686D-4C2D-B7D2-8C0D692E5A9B}.Release|x86.ActiveCfg = Release|x86
		{B7DAD2B6-686D-4C2D-B7D2-8C0D692E5A9B}.Release|x86.Build.0 = Release|x86
	EndGlobalSection
	GlobalSection(SolutionProperties) = preSolution
		HideSolutionNode = FALSE
	EndGlobalSection
EndGlobal
